// !$*UTF8*$!
{
	archiveVersion = 1;
	classes = {
	};
	objectVersion = 46;
	objects = {

/* Begin PBXBuildFile section */
		DA10AADD1875C7FD00117F71 /* ImageStore.m in Sources */ = {isa = PBXBuildFile; fileRef = DA10AADC1875C7FD00117F71 /* ImageStore.m */; };
		DA23E67B18269253000BD089 /* Foundation.framework in Frameworks */ = {isa = PBXBuildFile; fileRef = DA23E67A18269253000BD089 /* Foundation.framework */; };
		DA23E67D18269253000BD089 /* CoreGraphics.framework in Frameworks */ = {isa = PBXBuildFile; fileRef = DA23E67C18269253000BD089 /* CoreGraphics.framework */; };
		DA23E67F18269253000BD089 /* UIKit.framework in Frameworks */ = {isa = PBXBuildFile; fileRef = DA23E67E18269253000BD089 /* UIKit.framework */; };
		DA23E68518269253000BD089 /* InfoPlist.strings in Resources */ = {isa = PBXBuildFile; fileRef = DA23E68318269253000BD089 /* InfoPlist.strings */; };
		DA23E68718269253000BD089 /* main.m in Sources */ = {isa = PBXBuildFile; fileRef = DA23E68618269253000BD089 /* main.m */; };
		DA23E68B18269253000BD089 /* AppDelegate.m in Sources */ = {isa = PBXBuildFile; fileRef = DA23E68A18269253000BD089 /* AppDelegate.m */; };
		DA23E69418269253000BD089 /* XCTest.framework in Frameworks */ = {isa = PBXBuildFile; fileRef = DA23E69318269253000BD089 /* XCTest.framework */; };
		DA23E69518269253000BD089 /* Foundation.framework in Frameworks */ = {isa = PBXBuildFile; fileRef = DA23E67A18269253000BD089 /* Foundation.framework */; };
		DA23E69618269253000BD089 /* UIKit.framework in Frameworks */ = {isa = PBXBuildFile; fileRef = DA23E67E18269253000BD089 /* UIKit.framework */; };
		DA23E69E18269253000BD089 /* InfoPlist.strings in Resources */ = {isa = PBXBuildFile; fileRef = DA23E69C18269253000BD089 /* InfoPlist.strings */; };
		DA23E6A018269253000BD089 /* MeterRecordingTests.m in Sources */ = {isa = PBXBuildFile; fileRef = DA23E69F18269253000BD089 /* MeterRecordingTests.m */; };
		DA23E6AA18269280000BD089 /* Storyboard.storyboard in Resources */ = {isa = PBXBuildFile; fileRef = DA23E6A918269280000BD089 /* Storyboard.storyboard */; };
		DA23E6AD182692F3000BD089 /* AppContent.m in Sources */ = {isa = PBXBuildFile; fileRef = DA23E6AC182692F3000BD089 /* AppContent.m */; };
		DA23E6B51826AEC5000BD089 /* UILoginViewController.m in Sources */ = {isa = PBXBuildFile; fileRef = DA23E6B41826AEC5000BD089 /* UILoginViewController.m */; };
		DA23E6BA1826CB99000BD089 /* technician-reading-water-meter-28438611.jpg in Resources */ = {isa = PBXBuildFile; fileRef = DA23E6B91826CB99000BD089 /* technician-reading-water-meter-28438611.jpg */; };
		DA23E6BD1826DE52000BD089 /* UIScheduleViewController.m in Sources */ = {isa = PBXBuildFile; fileRef = DA23E6BC1826DE52000BD089 /* UIScheduleViewController.m */; };
		DA23E6C01826E077000BD089 /* ScheduleCell.m in Sources */ = {isa = PBXBuildFile; fileRef = DA23E6BF1826E077000BD089 /* ScheduleCell.m */; };
		DA50CD28182BDCAF00D7CD06 /* watermeter.png in Resources */ = {isa = PBXBuildFile; fileRef = DA50CD27182BDCAF00D7CD06 /* watermeter.png */; };
		DA50CD30182BEDA600D7CD06 /* NISignatureView.m in Sources */ = {isa = PBXBuildFile; fileRef = DA50CD2B182BEDA600D7CD06 /* NISignatureView.m */; };
		DA50CD31182BEDA600D7CD06 /* NISignatureViewQuartz.m in Sources */ = {isa = PBXBuildFile; fileRef = DA50CD2D182BEDA600D7CD06 /* NISignatureViewQuartz.m */; };
		DA50CD32182BEDA600D7CD06 /* NISignatureViewQuartzQuadratic.m in Sources */ = {isa = PBXBuildFile; fileRef = DA50CD2F182BEDA600D7CD06 /* NISignatureViewQuartzQuadratic.m */; };
		DA50CD34182BEF1000D7CD06 /* QuartzCore.framework in Frameworks */ = {isa = PBXBuildFile; fileRef = DA50CD33182BEF1000D7CD06 /* QuartzCore.framework */; };
		DA50CD36182BEF3600D7CD06 /* GLKit.framework in Frameworks */ = {isa = PBXBuildFile; fileRef = DA50CD35182BEF3600D7CD06 /* GLKit.framework */; };
		DA50CD38182BEF3D00D7CD06 /* OpenGLES.framework in Frameworks */ = {isa = PBXBuildFile; fileRef = DA50CD37182BEF3D00D7CD06 /* OpenGLES.framework */; };
		DA50CD3A182BF25600D7CD06 /* Camera-iOS-7-256.png in Resources */ = {isa = PBXBuildFile; fileRef = DA50CD39182BF25600D7CD06 /* Camera-iOS-7-256.png */; };
		DA50CD3C182C219600D7CD06 /* scan.png in Resources */ = {isa = PBXBuildFile; fileRef = DA50CD3B182C219600D7CD06 /* scan.png */; };
		DA50CD3F182C3BBF00D7CD06 /* UIBaseTableViewController.m in Sources */ = {isa = PBXBuildFile; fileRef = DA50CD3E182C3BBF00D7CD06 /* UIBaseTableViewController.m */; };
		DA50CD43182C429100D7CD06 /* CoreMedia.framework in Frameworks */ = {isa = PBXBuildFile; fileRef = DA50CD42182C429100D7CD06 /* CoreMedia.framework */; };
		DA50CD45182C429F00D7CD06 /* CoreVideo.framework in Frameworks */ = {isa = PBXBuildFile; fileRef = DA50CD44182C429F00D7CD06 /* CoreVideo.framework */; };
		DA50CD47182C42B700D7CD06 /* libiconv.dylib in Frameworks */ = {isa = PBXBuildFile; fileRef = DA50CD46182C42B700D7CD06 /* libiconv.dylib */; };
		DA50CD8F182C4A6A00D7CD06 /* NoImage.png in Resources */ = {isa = PBXBuildFile; fileRef = DA50CD8E182C4A6A00D7CD06 /* NoImage.png */; };
		DA50CD93182C664900D7CD06 /* scanimabe.png in Resources */ = {isa = PBXBuildFile; fileRef = DA50CD92182C664900D7CD06 /* scanimabe.png */; };
		DA50CD95182C665A00D7CD06 /* signature.png in Resources */ = {isa = PBXBuildFile; fileRef = DA50CD94182C665A00D7CD06 /* signature.png */; };
		DA50CD97182C666E00D7CD06 /* morework.png in Resources */ = {isa = PBXBuildFile; fileRef = DA50CD96182C666E00D7CD06 /* morework.png */; };
		DA50CD9B182C6DB800D7CD06 /* calendar.png in Resources */ = {isa = PBXBuildFile; fileRef = DA50CD9A182C6DB800D7CD06 /* calendar.png */; };
		DA50CD9D182C6DCB00D7CD06 /* camera.png in Resources */ = {isa = PBXBuildFile; fileRef = DA50CD9C182C6DCB00D7CD06 /* camera.png */; };
		DA50CD9F182C6DDC00D7CD06 /* done.png in Resources */ = {isa = PBXBuildFile; fileRef = DA50CD9E182C6DDC00D7CD06 /* done.png */; };
		DA50CDA2182C6DFB00D7CD06 /* watericon.png in Resources */ = {isa = PBXBuildFile; fileRef = DA50CDA0182C6DFB00D7CD06 /* watericon.png */; };
		DA50CDA3182C6DFB00D7CD06 /* watermeter.png in Resources */ = {isa = PBXBuildFile; fileRef = DA50CDA1182C6DFB00D7CD06 /* watermeter.png */; };
		DA50CDA5182C74E200D7CD06 /* ImageAssets.xcassets in Resources */ = {isa = PBXBuildFile; fileRef = DA50CDA4182C74E200D7CD06 /* ImageAssets.xcassets */; };
		DA9EDF7318762CC600A9445A /* libT1Autograph.a in Frameworks */ = {isa = PBXBuildFile; fileRef = DA9EDF7218762CC600A9445A /* libT1Autograph.a */; };
		DA9EDF7A18762CE500A9445A /* autograph_x.png in Resources */ = {isa = PBXBuildFile; fileRef = DA9EDF7518762CE500A9445A /* autograph_x.png */; };
		DA9EDF7B18762CE500A9445A /* t1_logo.png in Resources */ = {isa = PBXBuildFile; fileRef = DA9EDF7618762CE500A9445A /* t1_logo.png */; };
		DA9EDF7F18762E4F00A9445A /* bluebutton.png in Resources */ = {isa = PBXBuildFile; fileRef = DA9EDF7D18762E4F00A9445A /* bluebutton.png */; };
		DA9EDF8018762E4F00A9445A /* bluebutton@2x.png in Resources */ = {isa = PBXBuildFile; fileRef = DA9EDF7E18762E4F00A9445A /* bluebutton@2x.png */; };
		DA9EDF891879D9E200A9445A /* MyNotification.m in Sources */ = {isa = PBXBuildFile; fileRef = DA9EDF881879D9E200A9445A /* MyNotification.m */; };
		DA9EDF8C1879DB9A00A9445A /* BLProgressView.m in Sources */ = {isa = PBXBuildFile; fileRef = DA9EDF8B1879DB9A00A9445A /* BLProgressView.m */; };
		DAA8B25018714DA40074AB41 /* libPods.a in Frameworks */ = {isa = PBXBuildFile; fileRef = DAA8B24D18714DA40074AB41 /* libPods.a */; };
		DAA998E51861364600FCDBD1 /* CoreData.framework in Frameworks */ = {isa = PBXBuildFile; fileRef = DAA998E41861364600FCDBD1 /* CoreData.framework */; };
		DAA998E818613A6600FCDBD1 /* Model.xcdatamodeld in Sources */ = {isa = PBXBuildFile; fileRef = DAA998E618613A6600FCDBD1 /* Model.xcdatamodeld */; };
		DAA9990018615DA400FCDBD1 /* MeterApiClient.m in Sources */ = {isa = PBXBuildFile; fileRef = DAA998FF18615DA400FCDBD1 /* MeterApiClient.m */; };
		DAAD99F0187B303000F7482E /* MyConstants.m in Sources */ = {isa = PBXBuildFile; fileRef = DAAD99EF187B303000F7482E /* MyConstants.m */; };
		DAAD99F3187B4D9200F7482E /* Session.m in Sources */ = {isa = PBXBuildFile; fileRef = DAAD99F2187B4D9200F7482E /* Session.m */; };
		DAAD99F6187B4D9300F7482E /* Schedule.m in Sources */ = {isa = PBXBuildFile; fileRef = DAAD99F5187B4D9300F7482E /* Schedule.m */; };
		DAAFA3F1186F75340007B042 /* MyClaim.m in Sources */ = {isa = PBXBuildFile; fileRef = DAAFA3F0186F75340007B042 /* MyClaim.m */; };
		DABF6762182B436200D85680 /* UIScheduleDetailViewController.m in Sources */ = {isa = PBXBuildFile; fileRef = DABF6761182B436200D85680 /* UIScheduleDetailViewController.m */; };
		DABF6765182B490800D85680 /* UIOldMeterViewController.m in Sources */ = {isa = PBXBuildFile; fileRef = DABF6764182B490800D85680 /* UIOldMeterViewController.m */; };
		DABF6768182B491800D85680 /* UINewMeterViewController.m in Sources */ = {isa = PBXBuildFile; fileRef = DABF6767182B491800D85680 /* UINewMeterViewController.m */; };
		DABF676B182B492700D85680 /* UIPhoto3ViewController.m in Sources */ = {isa = PBXBuildFile; fileRef = DABF676A182B492600D85680 /* UIPhoto3ViewController.m */; };
		DABF676E182B493400D85680 /* UISIgnatureViewController.m in Sources */ = {isa = PBXBuildFile; fileRef = DABF676D182B493400D85680 /* UISIgnatureViewController.m */; };
		DABF6771182B4B2400D85680 /* newmeter.png in Resources */ = {isa = PBXBuildFile; fileRef = DABF676F182B4B2400D85680 /* newmeter.png */; };
		DABF6772182B4B2400D85680 /* oldmeter.png in Resources */ = {isa = PBXBuildFile; fileRef = DABF6770182B4B2400D85680 /* oldmeter.png */; };
		DAC412AB182E0D57009194B5 /* LICENSE in Resources */ = {isa = PBXBuildFile; fileRef = DAC412A8182E0D57009194B5 /* LICENSE */; };
		DAC412AD182E0D57009194B5 /* README in Resources */ = {isa = PBXBuildFile; fileRef = DAC412AA182E0D57009194B5 /* README */; };
		DAC412AF182E0D84009194B5 /* SystemConfiguration.framework in Frameworks */ = {isa = PBXBuildFile; fileRef = DAC412AE182E0D84009194B5 /* SystemConfiguration.framework */; };
		DAC412B1182E0D9D009194B5 /* CoreTelephony.framework in Frameworks */ = {isa = PBXBuildFile; fileRef = DAC412B0182E0D9D009194B5 /* CoreTelephony.framework */; };
		DAE9F663187152AF000A468A /* zbar-back.png in Resources */ = {isa = PBXBuildFile; fileRef = DAE9F65E187152AF000A468A /* zbar-back.png */; };
		DAE9F664187152AF000A468A /* zbar-help.html in Resources */ = {isa = PBXBuildFile; fileRef = DAE9F65F187152AF000A468A /* zbar-help.html */; };
		DAE9F665187152AF000A468A /* zbar-helpicons.png in Resources */ = {isa = PBXBuildFile; fileRef = DAE9F660187152AF000A468A /* zbar-helpicons.png */; };
		DAE9F666187152AF000A468A /* zbar-samples.png in Resources */ = {isa = PBXBuildFile; fileRef = DAE9F661187152AF000A468A /* zbar-samples.png */; };
		DAF2BFA0182DC00900E573BF /* libTestFlight.a in Frameworks */ = {isa = PBXBuildFile; fileRef = DAF2BF9A182DC00900E573BF /* libTestFlight.a */; };
		DAF2BFA1182DC00900E573BF /* README.md in Resources */ = {isa = PBXBuildFile; fileRef = DAF2BF9B182DC00900E573BF /* README.md */; };
		DAF2BFA2182DC00900E573BF /* release_notes.md in Resources */ = {isa = PBXBuildFile; fileRef = DAF2BF9C182DC00900E573BF /* release_notes.md */; };
		DAF2BFA7182DFF6200E573BF /* libz.dylib in Frameworks */ = {isa = PBXBuildFile; fileRef = DAF2BFA3182DFC6800E573BF /* libz.dylib */; };
/* End PBXBuildFile section */

/* Begin PBXContainerItemProxy section */
		DA23E69718269253000BD089 /* PBXContainerItemProxy */ = {
			isa = PBXContainerItemProxy;
			containerPortal = DA23E66F18269253000BD089 /* Project object */;
			proxyType = 1;
			remoteGlobalIDString = DA23E67618269253000BD089;
			remoteInfo = MeterRecording;
		};
/* End PBXContainerItemProxy section */

/* Begin PBXFileReference section */
		6194CE8753FE4E45BEC1D0AA /* Pods.xcconfig */ = {isa = PBXFileReference; includeInIndex = 1; lastKnownFileType = text.xcconfig; name = Pods.xcconfig; path = Pods/Pods.xcconfig; sourceTree = "<group>"; };
		6C6F9A49F46142E78B1B1C80 /* libPods.a */ = {isa = PBXFileReference; explicitFileType = archive.ar; includeInIndex = 0; path = libPods.a; sourceTree = BUILT_PRODUCTS_DIR; };
		DA10AADB1875C7FD00117F71 /* ImageStore.h */ = {isa = PBXFileReference; fileEncoding = 4; lastKnownFileType = sourcecode.c.h; path = ImageStore.h; sourceTree = "<group>"; };
		DA10AADC1875C7FD00117F71 /* ImageStore.m */ = {isa = PBXFileReference; fileEncoding = 4; lastKnownFileType = sourcecode.c.objc; path = ImageStore.m; sourceTree = "<group>"; };
		DA23E67718269253000BD089 /* MeterRecording.app */ = {isa = PBXFileReference; explicitFileType = wrapper.application; includeInIndex = 0; path = MeterRecording.app; sourceTree = BUILT_PRODUCTS_DIR; };
		DA23E67A18269253000BD089 /* Foundation.framework */ = {isa = PBXFileReference; lastKnownFileType = wrapper.framework; name = Foundation.framework; path = System/Library/Frameworks/Foundation.framework; sourceTree = SDKROOT; };
		DA23E67C18269253000BD089 /* CoreGraphics.framework */ = {isa = PBXFileReference; lastKnownFileType = wrapper.framework; name = CoreGraphics.framework; path = System/Library/Frameworks/CoreGraphics.framework; sourceTree = SDKROOT; };
		DA23E67E18269253000BD089 /* UIKit.framework */ = {isa = PBXFileReference; lastKnownFileType = wrapper.framework; name = UIKit.framework; path = System/Library/Frameworks/UIKit.framework; sourceTree = SDKROOT; };
		DA23E68218269253000BD089 /* MeterRecording-Info.plist */ = {isa = PBXFileReference; lastKnownFileType = text.plist.xml; path = "MeterRecording-Info.plist"; sourceTree = "<group>"; };
		DA23E68418269253000BD089 /* en */ = {isa = PBXFileReference; lastKnownFileType = text.plist.strings; name = en; path = en.lproj/InfoPlist.strings; sourceTree = "<group>"; };
		DA23E68618269253000BD089 /* main.m */ = {isa = PBXFileReference; lastKnownFileType = sourcecode.c.objc; path = main.m; sourceTree = "<group>"; };
		DA23E68818269253000BD089 /* MeterRecording-Prefix.pch */ = {isa = PBXFileReference; lastKnownFileType = sourcecode.c.h; path = "MeterRecording-Prefix.pch"; sourceTree = "<group>"; };
		DA23E68918269253000BD089 /* AppDelegate.h */ = {isa = PBXFileReference; lastKnownFileType = sourcecode.c.h; path = AppDelegate.h; sourceTree = "<group>"; };
		DA23E68A18269253000BD089 /* AppDelegate.m */ = {isa = PBXFileReference; lastKnownFileType = sourcecode.c.objc; path = AppDelegate.m; sourceTree = "<group>"; };
		DA23E69218269253000BD089 /* MeterRecordingTests.xctest */ = {isa = PBXFileReference; explicitFileType = wrapper.cfbundle; includeInIndex = 0; path = MeterRecordingTests.xctest; sourceTree = BUILT_PRODUCTS_DIR; };
		DA23E69318269253000BD089 /* XCTest.framework */ = {isa = PBXFileReference; lastKnownFileType = wrapper.framework; name = XCTest.framework; path = Library/Frameworks/XCTest.framework; sourceTree = DEVELOPER_DIR; };
		DA23E69B18269253000BD089 /* MeterRecordingTests-Info.plist */ = {isa = PBXFileReference; lastKnownFileType = text.plist.xml; path = "MeterRecordingTests-Info.plist"; sourceTree = "<group>"; };
		DA23E69D18269253000BD089 /* en */ = {isa = PBXFileReference; lastKnownFileType = text.plist.strings; name = en; path = en.lproj/InfoPlist.strings; sourceTree = "<group>"; };
		DA23E69F18269253000BD089 /* MeterRecordingTests.m */ = {isa = PBXFileReference; lastKnownFileType = sourcecode.c.objc; path = MeterRecordingTests.m; sourceTree = "<group>"; };
		DA23E6A918269280000BD089 /* Storyboard.storyboard */ = {isa = PBXFileReference; fileEncoding = 4; lastKnownFileType = file.storyboard; path = Storyboard.storyboard; sourceTree = "<group>"; };
		DA23E6AB182692F3000BD089 /* AppContent.h */ = {isa = PBXFileReference; fileEncoding = 4; lastKnownFileType = sourcecode.c.h; path = AppContent.h; sourceTree = "<group>"; };
		DA23E6AC182692F3000BD089 /* AppContent.m */ = {isa = PBXFileReference; fileEncoding = 4; lastKnownFileType = sourcecode.c.objc; path = AppContent.m; sourceTree = "<group>"; };
		DA23E6B31826AEC5000BD089 /* UILoginViewController.h */ = {isa = PBXFileReference; fileEncoding = 4; lastKnownFileType = sourcecode.c.h; path = UILoginViewController.h; sourceTree = "<group>"; };
		DA23E6B41826AEC5000BD089 /* UILoginViewController.m */ = {isa = PBXFileReference; fileEncoding = 4; lastKnownFileType = sourcecode.c.objc; path = UILoginViewController.m; sourceTree = "<group>"; };
		DA23E6B91826CB99000BD089 /* technician-reading-water-meter-28438611.jpg */ = {isa = PBXFileReference; lastKnownFileType = image.jpeg; name = "technician-reading-water-meter-28438611.jpg"; path = "../../../Downloads/technician-reading-water-meter-28438611.jpg"; sourceTree = "<group>"; };
		DA23E6BB1826DE52000BD089 /* UIScheduleViewController.h */ = {isa = PBXFileReference; fileEncoding = 4; lastKnownFileType = sourcecode.c.h; path = UIScheduleViewController.h; sourceTree = "<group>"; };
		DA23E6BC1826DE52000BD089 /* UIScheduleViewController.m */ = {isa = PBXFileReference; fileEncoding = 4; lastKnownFileType = sourcecode.c.objc; path = UIScheduleViewController.m; sourceTree = "<group>"; };
		DA23E6BE1826E077000BD089 /* ScheduleCell.h */ = {isa = PBXFileReference; fileEncoding = 4; lastKnownFileType = sourcecode.c.h; path = ScheduleCell.h; sourceTree = "<group>"; };
		DA23E6BF1826E077000BD089 /* ScheduleCell.m */ = {isa = PBXFileReference; fileEncoding = 4; lastKnownFileType = sourcecode.c.objc; path = ScheduleCell.m; sourceTree = "<group>"; };
		DA50CD27182BDCAF00D7CD06 /* watermeter.png */ = {isa = PBXFileReference; lastKnownFileType = image.png; path = watermeter.png; sourceTree = "<group>"; };
		DA50CD2A182BEDA600D7CD06 /* NISignatureView.h */ = {isa = PBXFileReference; fileEncoding = 4; lastKnownFileType = sourcecode.c.h; name = NISignatureView.h; path = MeterRecording/NISignatureView.h; sourceTree = "<group>"; };
		DA50CD2B182BEDA600D7CD06 /* NISignatureView.m */ = {isa = PBXFileReference; fileEncoding = 4; lastKnownFileType = sourcecode.c.objc; name = NISignatureView.m; path = MeterRecording/NISignatureView.m; sourceTree = "<group>"; };
		DA50CD2C182BEDA600D7CD06 /* NISignatureViewQuartz.h */ = {isa = PBXFileReference; fileEncoding = 4; lastKnownFileType = sourcecode.c.h; name = NISignatureViewQuartz.h; path = MeterRecording/NISignatureViewQuartz.h; sourceTree = "<group>"; };
		DA50CD2D182BEDA600D7CD06 /* NISignatureViewQuartz.m */ = {isa = PBXFileReference; fileEncoding = 4; lastKnownFileType = sourcecode.c.objc; name = NISignatureViewQuartz.m; path = MeterRecording/NISignatureViewQuartz.m; sourceTree = "<group>"; };
		DA50CD2E182BEDA600D7CD06 /* NISignatureViewQuartzQuadratic.h */ = {isa = PBXFileReference; fileEncoding = 4; lastKnownFileType = sourcecode.c.h; name = NISignatureViewQuartzQuadratic.h; path = MeterRecording/NISignatureViewQuartzQuadratic.h; sourceTree = "<group>"; };
		DA50CD2F182BEDA600D7CD06 /* NISignatureViewQuartzQuadratic.m */ = {isa = PBXFileReference; fileEncoding = 4; lastKnownFileType = sourcecode.c.objc; name = NISignatureViewQuartzQuadratic.m; path = MeterRecording/NISignatureViewQuartzQuadratic.m; sourceTree = "<group>"; };
		DA50CD33182BEF1000D7CD06 /* QuartzCore.framework */ = {isa = PBXFileReference; lastKnownFileType = wrapper.framework; name = QuartzCore.framework; path = System/Library/Frameworks/QuartzCore.framework; sourceTree = SDKROOT; };
		DA50CD35182BEF3600D7CD06 /* GLKit.framework */ = {isa = PBXFileReference; lastKnownFileType = wrapper.framework; name = GLKit.framework; path = System/Library/Frameworks/GLKit.framework; sourceTree = SDKROOT; };
		DA50CD37182BEF3D00D7CD06 /* OpenGLES.framework */ = {isa = PBXFileReference; lastKnownFileType = wrapper.framework; name = OpenGLES.framework; path = System/Library/Frameworks/OpenGLES.framework; sourceTree = SDKROOT; };
		DA50CD39182BF25600D7CD06 /* Camera-iOS-7-256.png */ = {isa = PBXFileReference; lastKnownFileType = image.png; path = "Camera-iOS-7-256.png"; sourceTree = "<group>"; };
		DA50CD3B182C219600D7CD06 /* scan.png */ = {isa = PBXFileReference; lastKnownFileType = image.png; name = scan.png; path = MeterRecording/scan.png; sourceTree = "<group>"; };
		DA50CD3D182C3BBF00D7CD06 /* UIBaseTableViewController.h */ = {isa = PBXFileReference; fileEncoding = 4; lastKnownFileType = sourcecode.c.h; path = UIBaseTableViewController.h; sourceTree = "<group>"; };
		DA50CD3E182C3BBF00D7CD06 /* UIBaseTableViewController.m */ = {isa = PBXFileReference; fileEncoding = 4; lastKnownFileType = sourcecode.c.objc; path = UIBaseTableViewController.m; sourceTree = "<group>"; };
		DA50CD40182C428200D7CD06 /* AVFoundation.framework */ = {isa = PBXFileReference; lastKnownFileType = wrapper.framework; name = AVFoundation.framework; path = System/Library/Frameworks/AVFoundation.framework; sourceTree = SDKROOT; };
		DA50CD42182C429100D7CD06 /* CoreMedia.framework */ = {isa = PBXFileReference; lastKnownFileType = wrapper.framework; name = CoreMedia.framework; path = System/Library/Frameworks/CoreMedia.framework; sourceTree = SDKROOT; };
		DA50CD44182C429F00D7CD06 /* CoreVideo.framework */ = {isa = PBXFileReference; lastKnownFileType = wrapper.framework; name = CoreVideo.framework; path = System/Library/Frameworks/CoreVideo.framework; sourceTree = SDKROOT; };
		DA50CD46182C42B700D7CD06 /* libiconv.dylib */ = {isa = PBXFileReference; lastKnownFileType = "compiled.mach-o.dylib"; name = libiconv.dylib; path = usr/lib/libiconv.dylib; sourceTree = SDKROOT; };
		DA50CD8E182C4A6A00D7CD06 /* NoImage.png */ = {isa = PBXFileReference; lastKnownFileType = image.png; path = NoImage.png; sourceTree = "<group>"; };
		DA50CD92182C664900D7CD06 /* scanimabe.png */ = {isa = PBXFileReference; lastKnownFileType = image.png; path = scanimabe.png; sourceTree = "<group>"; };
		DA50CD94182C665A00D7CD06 /* signature.png */ = {isa = PBXFileReference; lastKnownFileType = image.png; path = signature.png; sourceTree = "<group>"; };
		DA50CD96182C666E00D7CD06 /* morework.png */ = {isa = PBXFileReference; lastKnownFileType = image.png; path = morework.png; sourceTree = "<group>"; };
		DA50CD9A182C6DB800D7CD06 /* calendar.png */ = {isa = PBXFileReference; lastKnownFileType = image.png; name = calendar.png; path = MeterRecording/calendar.png; sourceTree = "<group>"; };
		DA50CD9C182C6DCB00D7CD06 /* camera.png */ = {isa = PBXFileReference; lastKnownFileType = image.png; name = camera.png; path = MeterRecording/camera.png; sourceTree = "<group>"; };
		DA50CD9E182C6DDC00D7CD06 /* done.png */ = {isa = PBXFileReference; lastKnownFileType = image.png; name = done.png; path = MeterRecording/done.png; sourceTree = "<group>"; };
		DA50CDA0182C6DFB00D7CD06 /* watericon.png */ = {isa = PBXFileReference; lastKnownFileType = image.png; name = watericon.png; path = MeterRecording/watericon.png; sourceTree = "<group>"; };
		DA50CDA1182C6DFB00D7CD06 /* watermeter.png */ = {isa = PBXFileReference; lastKnownFileType = image.png; name = watermeter.png; path = MeterRecording/watermeter.png; sourceTree = "<group>"; };
		DA50CDA4182C74E200D7CD06 /* ImageAssets.xcassets */ = {isa = PBXFileReference; lastKnownFileType = folder.assetcatalog; path = ImageAssets.xcassets; sourceTree = "<group>"; };
		DA9EDF7218762CC600A9445A /* libT1Autograph.a */ = {isa = PBXFileReference; lastKnownFileType = archive.ar; name = libT1Autograph.a; path = ../../../Downloads/T1Autograph/libT1Autograph.a; sourceTree = "<group>"; };
		DA9EDF7518762CE500A9445A /* autograph_x.png */ = {isa = PBXFileReference; lastKnownFileType = image.png; path = autograph_x.png; sourceTree = "<group>"; };
		DA9EDF7618762CE500A9445A /* t1_logo.png */ = {isa = PBXFileReference; lastKnownFileType = image.png; path = t1_logo.png; sourceTree = "<group>"; };
		DA9EDF7718762CE500A9445A /* T1Autograph.h */ = {isa = PBXFileReference; fileEncoding = 4; lastKnownFileType = sourcecode.c.h; path = T1Autograph.h; sourceTree = "<group>"; };
		DA9EDF7818762CE500A9445A /* T1Signature.h */ = {isa = PBXFileReference; fileEncoding = 4; lastKnownFileType = sourcecode.c.h; path = T1Signature.h; sourceTree = "<group>"; };
		DA9EDF7918762CE500A9445A /* T1SignaturePoint.h */ = {isa = PBXFileReference; fileEncoding = 4; lastKnownFileType = sourcecode.c.h; path = T1SignaturePoint.h; sourceTree = "<group>"; };
		DA9EDF7D18762E4F00A9445A /* bluebutton.png */ = {isa = PBXFileReference; lastKnownFileType = image.png; name = bluebutton.png; path = ../MeterRecording/bluebutton.png; sourceTree = "<group>"; };
		DA9EDF7E18762E4F00A9445A /* bluebutton@2x.png */ = {isa = PBXFileReference; lastKnownFileType = image.png; name = "bluebutton@2x.png"; path = "../MeterRecording/bluebutton@2x.png"; sourceTree = "<group>"; };
		DA9EDF871879D9E200A9445A /* MyNotification.h */ = {isa = PBXFileReference; fileEncoding = 4; lastKnownFileType = sourcecode.c.h; path = MyNotification.h; sourceTree = "<group>"; };
		DA9EDF881879D9E200A9445A /* MyNotification.m */ = {isa = PBXFileReference; fileEncoding = 4; lastKnownFileType = sourcecode.c.objc; path = MyNotification.m; sourceTree = "<group>"; };
		DA9EDF8A1879DB9A00A9445A /* BLProgressView.h */ = {isa = PBXFileReference; fileEncoding = 4; lastKnownFileType = sourcecode.c.h; path = BLProgressView.h; sourceTree = "<group>"; };
		DA9EDF8B1879DB9A00A9445A /* BLProgressView.m */ = {isa = PBXFileReference; fileEncoding = 4; lastKnownFileType = sourcecode.c.objc; path = BLProgressView.m; sourceTree = "<group>"; };
		DAA8B24B18714DA40074AB41 /* libPods-PonyDebugger.a */ = {isa = PBXFileReference; lastKnownFileType = archive.ar; name = "libPods-PonyDebugger.a"; path = "Pods/build/Debug-iphoneos/libPods-PonyDebugger.a"; sourceTree = "<group>"; };
		DAA8B24C18714DA40074AB41 /* libPods-SocketRocket.a */ = {isa = PBXFileReference; lastKnownFileType = archive.ar; name = "libPods-SocketRocket.a"; path = "Pods/build/Debug-iphoneos/libPods-SocketRocket.a"; sourceTree = "<group>"; };
		DAA8B24D18714DA40074AB41 /* libPods.a */ = {isa = PBXFileReference; lastKnownFileType = archive.ar; name = libPods.a; path = "Pods/build/Debug-iphoneos/libPods.a"; sourceTree = "<group>"; };
		DAA998E41861364600FCDBD1 /* CoreData.framework */ = {isa = PBXFileReference; lastKnownFileType = wrapper.framework; name = CoreData.framework; path = System/Library/Frameworks/CoreData.framework; sourceTree = SDKROOT; };
		DAA998E718613A6600FCDBD1 /* Model.xcdatamodel */ = {isa = PBXFileReference; lastKnownFileType = wrapper.xcdatamodel; path = Model.xcdatamodel; sourceTree = "<group>"; };
		DAA998FE18615DA400FCDBD1 /* MeterApiClient.h */ = {isa = PBXFileReference; fileEncoding = 4; lastKnownFileType = sourcecode.c.h; path = MeterApiClient.h; sourceTree = "<group>"; };
		DAA998FF18615DA400FCDBD1 /* MeterApiClient.m */ = {isa = PBXFileReference; fileEncoding = 4; lastKnownFileType = sourcecode.c.objc; path = MeterApiClient.m; sourceTree = "<group>"; };
		DAAD99EE187B303000F7482E /* MyConstants.h */ = {isa = PBXFileReference; fileEncoding = 4; lastKnownFileType = sourcecode.c.h; path = MyConstants.h; sourceTree = "<group>"; };
		DAAD99EF187B303000F7482E /* MyConstants.m */ = {isa = PBXFileReference; fileEncoding = 4; lastKnownFileType = sourcecode.c.objc; path = MyConstants.m; sourceTree = "<group>"; };
		DAAD99F1187B4D9200F7482E /* Session.h */ = {isa = PBXFileReference; fileEncoding = 4; lastKnownFileType = sourcecode.c.h; path = Session.h; sourceTree = "<group>"; };
		DAAD99F2187B4D9200F7482E /* Session.m */ = {isa = PBXFileReference; fileEncoding = 4; lastKnownFileType = sourcecode.c.objc; path = Session.m; sourceTree = "<group>"; };
		DAAD99F4187B4D9300F7482E /* Schedule.h */ = {isa = PBXFileReference; fileEncoding = 4; lastKnownFileType = sourcecode.c.h; path = Schedule.h; sourceTree = "<group>"; };
		DAAD99F5187B4D9300F7482E /* Schedule.m */ = {isa = PBXFileReference; fileEncoding = 4; lastKnownFileType = sourcecode.c.objc; path = Schedule.m; sourceTree = "<group>"; };
		DAAFA3EF186F75340007B042 /* MyClaim.h */ = {isa = PBXFileReference; fileEncoding = 4; lastKnownFileType = sourcecode.c.h; path = MyClaim.h; sourceTree = "<group>"; };
		DAAFA3F0186F75340007B042 /* MyClaim.m */ = {isa = PBXFileReference; fileEncoding = 4; lastKnownFileType = sourcecode.c.objc; path = MyClaim.m; sourceTree = "<group>"; };
		DABF6760182B436200D85680 /* UIScheduleDetailViewController.h */ = {isa = PBXFileReference; fileEncoding = 4; lastKnownFileType = sourcecode.c.h; path = UIScheduleDetailViewController.h; sourceTree = "<group>"; };
		DABF6761182B436200D85680 /* UIScheduleDetailViewController.m */ = {isa = PBXFileReference; fileEncoding = 4; lastKnownFileType = sourcecode.c.objc; path = UIScheduleDetailViewController.m; sourceTree = "<group>"; };
		DABF6763182B490800D85680 /* UIOldMeterViewController.h */ = {isa = PBXFileReference; fileEncoding = 4; lastKnownFileType = sourcecode.c.h; path = UIOldMeterViewController.h; sourceTree = "<group>"; };
		DABF6764182B490800D85680 /* UIOldMeterViewController.m */ = {isa = PBXFileReference; fileEncoding = 4; lastKnownFileType = sourcecode.c.objc; path = UIOldMeterViewController.m; sourceTree = "<group>"; };
		DABF6766182B491800D85680 /* UINewMeterViewController.h */ = {isa = PBXFileReference; fileEncoding = 4; lastKnownFileType = sourcecode.c.h; path = UINewMeterViewController.h; sourceTree = "<group>"; };
		DABF6767182B491800D85680 /* UINewMeterViewController.m */ = {isa = PBXFileReference; fileEncoding = 4; lastKnownFileType = sourcecode.c.objc; path = UINewMeterViewController.m; sourceTree = "<group>"; };
		DABF6769182B492600D85680 /* UIPhoto3ViewController.h */ = {isa = PBXFileReference; fileEncoding = 4; lastKnownFileType = sourcecode.c.h; path = UIPhoto3ViewController.h; sourceTree = "<group>"; };
		DABF676A182B492600D85680 /* UIPhoto3ViewController.m */ = {isa = PBXFileReference; fileEncoding = 4; lastKnownFileType = sourcecode.c.objc; path = UIPhoto3ViewController.m; sourceTree = "<group>"; };
		DABF676C182B493400D85680 /* UISIgnatureViewController.h */ = {isa = PBXFileReference; fileEncoding = 4; lastKnownFileType = sourcecode.c.h; path = UISIgnatureViewController.h; sourceTree = "<group>"; };
		DABF676D182B493400D85680 /* UISIgnatureViewController.m */ = {isa = PBXFileReference; fileEncoding = 4; lastKnownFileType = sourcecode.c.objc; path = UISIgnatureViewController.m; sourceTree = "<group>"; };
		DABF676F182B4B2400D85680 /* newmeter.png */ = {isa = PBXFileReference; lastKnownFileType = image.png; path = newmeter.png; sourceTree = "<group>"; };
		DABF6770182B4B2400D85680 /* oldmeter.png */ = {isa = PBXFileReference; lastKnownFileType = image.png; path = oldmeter.png; sourceTree = "<group>"; };
		DAC412A8182E0D57009194B5 /* LICENSE */ = {isa = PBXFileReference; fileEncoding = 4; lastKnownFileType = text; path = LICENSE; sourceTree = "<group>"; };
		DAC412A9182E0D57009194B5 /* NewRelicAgent.framework */ = {isa = PBXFileReference; lastKnownFileType = wrapper.framework; path = NewRelicAgent.framework; sourceTree = "<group>"; };
		DAC412AA182E0D57009194B5 /* README */ = {isa = PBXFileReference; fileEncoding = 4; lastKnownFileType = text; path = README; sourceTree = "<group>"; };
		DAC412AE182E0D84009194B5 /* SystemConfiguration.framework */ = {isa = PBXFileReference; lastKnownFileType = wrapper.framework; name = SystemConfiguration.framework; path = System/Library/Frameworks/SystemConfiguration.framework; sourceTree = SDKROOT; };
		DAC412B0182E0D9D009194B5 /* CoreTelephony.framework */ = {isa = PBXFileReference; lastKnownFileType = wrapper.framework; name = CoreTelephony.framework; path = System/Library/Frameworks/CoreTelephony.framework; sourceTree = SDKROOT; };
		DAC81470186CC70D00FEA4FA /* libPods-SVProgressHUD.a */ = {isa = PBXFileReference; lastKnownFileType = archive.ar; name = "libPods-SVProgressHUD.a"; path = "Pods/build/Release-iphoneos/libPods-SVProgressHUD.a"; sourceTree = "<group>"; };
		DAE9F642187151DA000A468A /* libzbar.a */ = {isa = PBXFileReference; lastKnownFileType = archive.ar; name = libzbar.a; path = ../libzbar.a; sourceTree = "<group>"; };
		DAE9F648187152AF000A468A /* Decoder.h */ = {isa = PBXFileReference; fileEncoding = 4; lastKnownFileType = sourcecode.c.h; path = Decoder.h; sourceTree = "<group>"; };
		DAE9F649187152AF000A468A /* Exception.h */ = {isa = PBXFileReference; fileEncoding = 4; lastKnownFileType = sourcecode.c.h; path = Exception.h; sourceTree = "<group>"; };
		DAE9F64A187152AF000A468A /* Image.h */ = {isa = PBXFileReference; fileEncoding = 4; lastKnownFileType = sourcecode.c.h; path = Image.h; sourceTree = "<group>"; };
		DAE9F64B187152AF000A468A /* ImageScanner.h */ = {isa = PBXFileReference; fileEncoding = 4; lastKnownFileType = sourcecode.c.h; path = ImageScanner.h; sourceTree = "<group>"; };
		DAE9F64C187152AF000A468A /* Processor.h */ = {isa = PBXFileReference; fileEncoding = 4; lastKnownFileType = sourcecode.c.h; path = Processor.h; sourceTree = "<group>"; };
		DAE9F64D187152AF000A468A /* Scanner.h */ = {isa = PBXFileReference; fileEncoding = 4; lastKnownFileType = sourcecode.c.h; path = Scanner.h; sourceTree = "<group>"; };
		DAE9F64E187152AF000A468A /* Symbol.h */ = {isa = PBXFileReference; fileEncoding = 4; lastKnownFileType = sourcecode.c.h; path = Symbol.h; sourceTree = "<group>"; };
		DAE9F64F187152AF000A468A /* Video.h */ = {isa = PBXFileReference; fileEncoding = 4; lastKnownFileType = sourcecode.c.h; path = Video.h; sourceTree = "<group>"; };
		DAE9F650187152AF000A468A /* Window.h */ = {isa = PBXFileReference; fileEncoding = 4; lastKnownFileType = sourcecode.c.h; path = Window.h; sourceTree = "<group>"; };
		DAE9F651187152AF000A468A /* zbar.h */ = {isa = PBXFileReference; fileEncoding = 4; lastKnownFileType = sourcecode.c.h; path = zbar.h; sourceTree = "<group>"; };
		DAE9F652187152AF000A468A /* ZBarCameraSimulator.h */ = {isa = PBXFileReference; fileEncoding = 4; lastKnownFileType = sourcecode.c.h; path = ZBarCameraSimulator.h; sourceTree = "<group>"; };
		DAE9F653187152AF000A468A /* ZBarCaptureReader.h */ = {isa = PBXFileReference; fileEncoding = 4; lastKnownFileType = sourcecode.c.h; path = ZBarCaptureReader.h; sourceTree = "<group>"; };
		DAE9F654187152AF000A468A /* ZBarHelpController.h */ = {isa = PBXFileReference; fileEncoding = 4; lastKnownFileType = sourcecode.c.h; path = ZBarHelpController.h; sourceTree = "<group>"; };
		DAE9F655187152AF000A468A /* ZBarImage.h */ = {isa = PBXFileReference; fileEncoding = 4; lastKnownFileType = sourcecode.c.h; path = ZBarImage.h; sourceTree = "<group>"; };
		DAE9F656187152AF000A468A /* ZBarImageScanner.h */ = {isa = PBXFileReference; fileEncoding = 4; lastKnownFileType = sourcecode.c.h; path = ZBarImageScanner.h; sourceTree = "<group>"; };
		DAE9F657187152AF000A468A /* ZBarReaderController.h */ = {isa = PBXFileReference; fileEncoding = 4; lastKnownFileType = sourcecode.c.h; path = ZBarReaderController.h; sourceTree = "<group>"; };
		DAE9F658187152AF000A468A /* ZBarReaderView.h */ = {isa = PBXFileReference; fileEncoding = 4; lastKnownFileType = sourcecode.c.h; path = ZBarReaderView.h; sourceTree = "<group>"; };
		DAE9F659187152AF000A468A /* ZBarReaderViewController.h */ = {isa = PBXFileReference; fileEncoding = 4; lastKnownFileType = sourcecode.c.h; path = ZBarReaderViewController.h; sourceTree = "<group>"; };
		DAE9F65A187152AF000A468A /* ZBarSDK.h */ = {isa = PBXFileReference; fileEncoding = 4; lastKnownFileType = sourcecode.c.h; path = ZBarSDK.h; sourceTree = "<group>"; };
		DAE9F65B187152AF000A468A /* ZBarSymbol.h */ = {isa = PBXFileReference; fileEncoding = 4; lastKnownFileType = sourcecode.c.h; path = ZBarSymbol.h; sourceTree = "<group>"; };
		DAE9F65C187152AF000A468A /* libzbar.a */ = {isa = PBXFileReference; lastKnownFileType = archive.ar; path = libzbar.a; sourceTree = "<group>"; };
		DAE9F65E187152AF000A468A /* zbar-back.png */ = {isa = PBXFileReference; lastKnownFileType = image.png; path = "zbar-back.png"; sourceTree = "<group>"; };
		DAE9F65F187152AF000A468A /* zbar-help.html */ = {isa = PBXFileReference; fileEncoding = 4; lastKnownFileType = text.html; path = "zbar-help.html"; sourceTree = "<group>"; };
		DAE9F660187152AF000A468A /* zbar-helpicons.png */ = {isa = PBXFileReference; lastKnownFileType = image.png; path = "zbar-helpicons.png"; sourceTree = "<group>"; };
		DAE9F661187152AF000A468A /* zbar-samples.png */ = {isa = PBXFileReference; lastKnownFileType = image.png; path = "zbar-samples.png"; sourceTree = "<group>"; };
		DAF2BF9A182DC00900E573BF /* libTestFlight.a */ = {isa = PBXFileReference; lastKnownFileType = archive.ar; path = libTestFlight.a; sourceTree = "<group>"; };
		DAF2BF9B182DC00900E573BF /* README.md */ = {isa = PBXFileReference; fileEncoding = 4; lastKnownFileType = text; path = README.md; sourceTree = "<group>"; };
		DAF2BF9C182DC00900E573BF /* release_notes.md */ = {isa = PBXFileReference; fileEncoding = 4; lastKnownFileType = text; path = release_notes.md; sourceTree = "<group>"; };
		DAF2BF9D182DC00900E573BF /* TestFlight+AsyncLogging.h */ = {isa = PBXFileReference; fileEncoding = 4; lastKnownFileType = sourcecode.c.h; path = "TestFlight+AsyncLogging.h"; sourceTree = "<group>"; };
		DAF2BF9E182DC00900E573BF /* TestFlight+ManualSessions.h */ = {isa = PBXFileReference; fileEncoding = 4; lastKnownFileType = sourcecode.c.h; path = "TestFlight+ManualSessions.h"; sourceTree = "<group>"; };
		DAF2BF9F182DC00900E573BF /* TestFlight.h */ = {isa = PBXFileReference; fileEncoding = 4; lastKnownFileType = sourcecode.c.h; path = TestFlight.h; sourceTree = "<group>"; };
		DAF2BFA3182DFC6800E573BF /* libz.dylib */ = {isa = PBXFileReference; lastKnownFileType = "compiled.mach-o.dylib"; name = libz.dylib; path = usr/lib/libz.dylib; sourceTree = SDKROOT; };
		DAF2BFA5182DFE5A00E573BF /* libz.1.1.3.dylib */ = {isa = PBXFileReference; lastKnownFileType = "compiled.mach-o.dylib"; name = libz.1.1.3.dylib; path = usr/lib/libz.1.1.3.dylib; sourceTree = SDKROOT; };
		DAF92F39186CCECF008CE749 /* libPods-AFNetworking.a */ = {isa = PBXFileReference; lastKnownFileType = archive.ar; name = "libPods-AFNetworking.a"; path = "Pods/build/Debug-iphoneos/libPods-AFNetworking.a"; sourceTree = "<group>"; };
		DAF92F3B186CCED6008CE749 /* libPods-SVProgressHUD.a */ = {isa = PBXFileReference; lastKnownFileType = archive.ar; name = "libPods-SVProgressHUD.a"; path = "Pods/build/Debug-iphoneos/libPods-SVProgressHUD.a"; sourceTree = "<group>"; };
/* End PBXFileReference section */

/* Begin PBXFrameworksBuildPhase section */
		DA23E67418269253000BD089 /* Frameworks */ = {
			isa = PBXFrameworksBuildPhase;
			buildActionMask = 2147483647;
			files = (
				DA9EDF7318762CC600A9445A /* libT1Autograph.a in Frameworks */,
				DAA8B25018714DA40074AB41 /* libPods.a in Frameworks */,
				DAA998E51861364600FCDBD1 /* CoreData.framework in Frameworks */,
				DAC412B1182E0D9D009194B5 /* CoreTelephony.framework in Frameworks */,
				DAC412AF182E0D84009194B5 /* SystemConfiguration.framework in Frameworks */,
				DAF2BFA7182DFF6200E573BF /* libz.dylib in Frameworks */,
				DA50CD47182C42B700D7CD06 /* libiconv.dylib in Frameworks */,
				DA50CD45182C429F00D7CD06 /* CoreVideo.framework in Frameworks */,
				DA50CD43182C429100D7CD06 /* CoreMedia.framework in Frameworks */,
				DAF2BFA0182DC00900E573BF /* libTestFlight.a in Frameworks */,
				DA50CD38182BEF3D00D7CD06 /* OpenGLES.framework in Frameworks */,
				DA50CD36182BEF3600D7CD06 /* GLKit.framework in Frameworks */,
				DA50CD34182BEF1000D7CD06 /* QuartzCore.framework in Frameworks */,
				DA23E67D18269253000BD089 /* CoreGraphics.framework in Frameworks */,
				DA23E67F18269253000BD089 /* UIKit.framework in Frameworks */,
				DA23E67B18269253000BD089 /* Foundation.framework in Frameworks */,
			);
			runOnlyForDeploymentPostprocessing = 0;
		};
		DA23E68F18269253000BD089 /* Frameworks */ = {
			isa = PBXFrameworksBuildPhase;
			buildActionMask = 2147483647;
			files = (
				DA23E69418269253000BD089 /* XCTest.framework in Frameworks */,
				DA23E69618269253000BD089 /* UIKit.framework in Frameworks */,
				DA23E69518269253000BD089 /* Foundation.framework in Frameworks */,
			);
			runOnlyForDeploymentPostprocessing = 0;
		};
/* End PBXFrameworksBuildPhase section */

/* Begin PBXGroup section */
		DA23E66E18269253000BD089 = {
			isa = PBXGroup;
			children = (
				DA9EDF7C18762CED00A9445A /* T1Autograph */,
				DAE9F644187152AF000A468A /* ZBarSDK */,
				DAC412A7182E0D57009194B5 /* NewRelic_iOS_Agent_1.376 */,
				DAF2BF99182DC00900E573BF /* TestFlightSDK2 */,
				DA50CD29182BED9500D7CD06 /* Signature */,
				DA23E6B81826CA5B000BD089 /* Resources */,
				DA23E68018269253000BD089 /* MeterRecording */,
				DA23E69918269253000BD089 /* MeterRecordingTests */,
				DA23E67918269253000BD089 /* Frameworks */,
				DA23E67818269253000BD089 /* Products */,
				6194CE8753FE4E45BEC1D0AA /* Pods.xcconfig */,
			);
			sourceTree = "<group>";
		};
		DA23E67818269253000BD089 /* Products */ = {
			isa = PBXGroup;
			children = (
				DA23E67718269253000BD089 /* MeterRecording.app */,
				DA23E69218269253000BD089 /* MeterRecordingTests.xctest */,
			);
			name = Products;
			sourceTree = "<group>";
		};
		DA23E67918269253000BD089 /* Frameworks */ = {
			isa = PBXGroup;
			children = (
				DA9EDF7218762CC600A9445A /* libT1Autograph.a */,
				DAE9F642187151DA000A468A /* libzbar.a */,
				DAA8B24B18714DA40074AB41 /* libPods-PonyDebugger.a */,
				DAA8B24C18714DA40074AB41 /* libPods-SocketRocket.a */,
				DAA8B24D18714DA40074AB41 /* libPods.a */,
				DAF92F3B186CCED6008CE749 /* libPods-SVProgressHUD.a */,
				DAF92F39186CCECF008CE749 /* libPods-AFNetworking.a */,
				DAC81470186CC70D00FEA4FA /* libPods-SVProgressHUD.a */,
				DAA998E41861364600FCDBD1 /* CoreData.framework */,
				DAC412B0182E0D9D009194B5 /* CoreTelephony.framework */,
				DAC412AE182E0D84009194B5 /* SystemConfiguration.framework */,
				DAF2BFA5182DFE5A00E573BF /* libz.1.1.3.dylib */,
				DAF2BFA3182DFC6800E573BF /* libz.dylib */,
				DA50CD46182C42B700D7CD06 /* libiconv.dylib */,
				DA50CD44182C429F00D7CD06 /* CoreVideo.framework */,
				DA50CD42182C429100D7CD06 /* CoreMedia.framework */,
				DA50CD40182C428200D7CD06 /* AVFoundation.framework */,
				DA50CD37182BEF3D00D7CD06 /* OpenGLES.framework */,
				DA50CD35182BEF3600D7CD06 /* GLKit.framework */,
				DA50CD33182BEF1000D7CD06 /* QuartzCore.framework */,
				DA23E67A18269253000BD089 /* Foundation.framework */,
				DA23E67C18269253000BD089 /* CoreGraphics.framework */,
				DA23E67E18269253000BD089 /* UIKit.framework */,
				DA23E69318269253000BD089 /* XCTest.framework */,
				6C6F9A49F46142E78B1B1C80 /* libPods.a */,
			);
			name = Frameworks;
			sourceTree = "<group>";
		};
		DA23E68018269253000BD089 /* MeterRecording */ = {
			isa = PBXGroup;
			children = (
				DAAD99EC187B173500F7482E /* Helpers */,
				DAAD99EB187B170000F7482E /* Views */,
				DA23E6B21826AE85000BD089 /* Models */,
				DA23E6B11826AE73000BD089 /* Controllers */,
				DA23E68918269253000BD089 /* AppDelegate.h */,
				DA23E68A18269253000BD089 /* AppDelegate.m */,
				DA23E6A918269280000BD089 /* Storyboard.storyboard */,
				DA23E68118269253000BD089 /* Supporting Files */,
			);
			path = MeterRecording;
			sourceTree = "<group>";
		};
		DA23E68118269253000BD089 /* Supporting Files */ = {
			isa = PBXGroup;
			children = (
				DA23E68218269253000BD089 /* MeterRecording-Info.plist */,
				DA23E68318269253000BD089 /* InfoPlist.strings */,
				DA23E68618269253000BD089 /* main.m */,
				DA23E68818269253000BD089 /* MeterRecording-Prefix.pch */,
			);
			name = "Supporting Files";
			sourceTree = "<group>";
		};
		DA23E69918269253000BD089 /* MeterRecordingTests */ = {
			isa = PBXGroup;
			children = (
				DA23E69F18269253000BD089 /* MeterRecordingTests.m */,
				DA23E69A18269253000BD089 /* Supporting Files */,
			);
			path = MeterRecordingTests;
			sourceTree = "<group>";
		};
		DA23E69A18269253000BD089 /* Supporting Files */ = {
			isa = PBXGroup;
			children = (
				DA23E69B18269253000BD089 /* MeterRecordingTests-Info.plist */,
				DA23E69C18269253000BD089 /* InfoPlist.strings */,
			);
			name = "Supporting Files";
			sourceTree = "<group>";
		};
		DA23E6B11826AE73000BD089 /* Controllers */ = {
			isa = PBXGroup;
			children = (
				DABF6763182B490800D85680 /* UIOldMeterViewController.h */,
				DABF6764182B490800D85680 /* UIOldMeterViewController.m */,
				DABF6760182B436200D85680 /* UIScheduleDetailViewController.h */,
				DABF6761182B436200D85680 /* UIScheduleDetailViewController.m */,
				DA23E6BB1826DE52000BD089 /* UIScheduleViewController.h */,
				DA23E6BC1826DE52000BD089 /* UIScheduleViewController.m */,
				DA23E6B31826AEC5000BD089 /* UILoginViewController.h */,
				DA23E6B41826AEC5000BD089 /* UILoginViewController.m */,
				DABF6766182B491800D85680 /* UINewMeterViewController.h */,
				DABF6767182B491800D85680 /* UINewMeterViewController.m */,
				DABF6769182B492600D85680 /* UIPhoto3ViewController.h */,
				DABF676A182B492600D85680 /* UIPhoto3ViewController.m */,
				DABF676C182B493400D85680 /* UISIgnatureViewController.h */,
				DABF676D182B493400D85680 /* UISIgnatureViewController.m */,
				DA50CD3D182C3BBF00D7CD06 /* UIBaseTableViewController.h */,
				DA50CD3E182C3BBF00D7CD06 /* UIBaseTableViewController.m */,
			);
			name = Controllers;
			sourceTree = "<group>";
		};
		DA23E6B21826AE85000BD089 /* Models */ = {
			isa = PBXGroup;
			children = (
				DAAFA3EF186F75340007B042 /* MyClaim.h */,
				DAAFA3F0186F75340007B042 /* MyClaim.m */,
				DA23E6AB182692F3000BD089 /* AppContent.h */,
				DA23E6AC182692F3000BD089 /* AppContent.m */,
				DAA998E618613A6600FCDBD1 /* Model.xcdatamodeld */,
				DAAD99F4187B4D9300F7482E /* Schedule.h */,
				DAAD99F5187B4D9300F7482E /* Schedule.m */,
				DAAD99F1187B4D9200F7482E /* Session.h */,
				DAAD99F2187B4D9200F7482E /* Session.m */,
				DA10AADB1875C7FD00117F71 /* ImageStore.h */,
				DA10AADC1875C7FD00117F71 /* ImageStore.m */,
			);
			name = Models;
			sourceTree = "<group>";
		};
		DA23E6B81826CA5B000BD089 /* Resources */ = {
			isa = PBXGroup;
			children = (
				DA50CDA4182C74E200D7CD06 /* ImageAssets.xcassets */,
				DA50CDA0182C6DFB00D7CD06 /* watericon.png */,
				DA50CDA1182C6DFB00D7CD06 /* watermeter.png */,
				DA50CD9E182C6DDC00D7CD06 /* done.png */,
				DA50CD9C182C6DCB00D7CD06 /* camera.png */,
				DA50CD9A182C6DB800D7CD06 /* calendar.png */,
				DA50CD96182C666E00D7CD06 /* morework.png */,
				DA50CD94182C665A00D7CD06 /* signature.png */,
				DA50CD92182C664900D7CD06 /* scanimabe.png */,
				DA50CD3B182C219600D7CD06 /* scan.png */,
				DA50CD8E182C4A6A00D7CD06 /* NoImage.png */,
				DA50CD39182BF25600D7CD06 /* Camera-iOS-7-256.png */,
				DABF676F182B4B2400D85680 /* newmeter.png */,
				DABF6770182B4B2400D85680 /* oldmeter.png */,
				DA23E6B91826CB99000BD089 /* technician-reading-water-meter-28438611.jpg */,
				DA50CD27182BDCAF00D7CD06 /* watermeter.png */,
			);
			name = Resources;
			sourceTree = "<group>";
		};
		DA50CD29182BED9500D7CD06 /* Signature */ = {
			isa = PBXGroup;
			children = (
				DA50CD2A182BEDA600D7CD06 /* NISignatureView.h */,
				DA50CD2B182BEDA600D7CD06 /* NISignatureView.m */,
				DA50CD2C182BEDA600D7CD06 /* NISignatureViewQuartz.h */,
				DA50CD2D182BEDA600D7CD06 /* NISignatureViewQuartz.m */,
				DA50CD2E182BEDA600D7CD06 /* NISignatureViewQuartzQuadratic.h */,
				DA50CD2F182BEDA600D7CD06 /* NISignatureViewQuartzQuadratic.m */,
			);
			name = Signature;
			sourceTree = "<group>";
		};
		DA9EDF7418762CE500A9445A /* Images */ = {
			isa = PBXGroup;
			children = (
				DA9EDF7D18762E4F00A9445A /* bluebutton.png */,
				DA9EDF7E18762E4F00A9445A /* bluebutton@2x.png */,
				DA9EDF7518762CE500A9445A /* autograph_x.png */,
				DA9EDF7618762CE500A9445A /* t1_logo.png */,
			);
			path = Images;
			sourceTree = "<group>";
		};
		DA9EDF7C18762CED00A9445A /* T1Autograph */ = {
			isa = PBXGroup;
			children = (
				DA9EDF7418762CE500A9445A /* Images */,
				DA9EDF7718762CE500A9445A /* T1Autograph.h */,
				DA9EDF7818762CE500A9445A /* T1Signature.h */,
				DA9EDF7918762CE500A9445A /* T1SignaturePoint.h */,
			);
			name = T1Autograph;
			sourceTree = "<group>";
		};
		DAAD99EB187B170000F7482E /* Views */ = {
			isa = PBXGroup;
			children = (
				DA23E6BE1826E077000BD089 /* ScheduleCell.h */,
				DA23E6BF1826E077000BD089 /* ScheduleCell.m */,
				DA9EDF8A1879DB9A00A9445A /* BLProgressView.h */,
				DA9EDF8B1879DB9A00A9445A /* BLProgressView.m */,
			);
			name = Views;
			sourceTree = "<group>";
		};
		DAAD99EC187B173500F7482E /* Helpers */ = {
			isa = PBXGroup;
			children = (
				DAA998FE18615DA400FCDBD1 /* MeterApiClient.h */,
				DAA998FF18615DA400FCDBD1 /* MeterApiClient.m */,
				DA9EDF871879D9E200A9445A /* MyNotification.h */,
				DA9EDF881879D9E200A9445A /* MyNotification.m */,
				DAAD99EE187B303000F7482E /* MyConstants.h */,
				DAAD99EF187B303000F7482E /* MyConstants.m */,
			);
			name = Helpers;
			sourceTree = "<group>";
		};
		DAC412A7182E0D57009194B5 /* NewRelic_iOS_Agent_1.376 */ = {
			isa = PBXGroup;
			children = (
				DAC412A8182E0D57009194B5 /* LICENSE */,
				DAC412A9182E0D57009194B5 /* NewRelicAgent.framework */,
				DAC412AA182E0D57009194B5 /* README */,
			);
			path = NewRelic_iOS_Agent_1.376;
			sourceTree = "<group>";
		};
		DAE9F644187152AF000A468A /* ZBarSDK */ = {
			isa = PBXGroup;
			children = (
				DAE9F645187152AF000A468A /* Headers */,
				DAE9F65C187152AF000A468A /* libzbar.a */,
				DAE9F65D187152AF000A468A /* Resources */,
			);
			path = ZBarSDK;
			sourceTree = "<group>";
		};
		DAE9F645187152AF000A468A /* Headers */ = {
			isa = PBXGroup;
			children = (
				DAE9F646187152AF000A468A /* ZBarSDK */,
			);
			path = Headers;
			sourceTree = "<group>";
		};
		DAE9F646187152AF000A468A /* ZBarSDK */ = {
			isa = PBXGroup;
			children = (
				DAE9F647187152AF000A468A /* zbar */,
				DAE9F651187152AF000A468A /* zbar.h */,
				DAE9F652187152AF000A468A /* ZBarCameraSimulator.h */,
				DAE9F653187152AF000A468A /* ZBarCaptureReader.h */,
				DAE9F654187152AF000A468A /* ZBarHelpController.h */,
				DAE9F655187152AF000A468A /* ZBarImage.h */,
				DAE9F656187152AF000A468A /* ZBarImageScanner.h */,
				DAE9F657187152AF000A468A /* ZBarReaderController.h */,
				DAE9F658187152AF000A468A /* ZBarReaderView.h */,
				DAE9F659187152AF000A468A /* ZBarReaderViewController.h */,
				DAE9F65A187152AF000A468A /* ZBarSDK.h */,
				DAE9F65B187152AF000A468A /* ZBarSymbol.h */,
			);
			path = ZBarSDK;
			sourceTree = "<group>";
		};
		DAE9F647187152AF000A468A /* zbar */ = {
			isa = PBXGroup;
			children = (
				DAE9F648187152AF000A468A /* Decoder.h */,
				DAE9F649187152AF000A468A /* Exception.h */,
				DAE9F64A187152AF000A468A /* Image.h */,
				DAE9F64B187152AF000A468A /* ImageScanner.h */,
				DAE9F64C187152AF000A468A /* Processor.h */,
				DAE9F64D187152AF000A468A /* Scanner.h */,
				DAE9F64E187152AF000A468A /* Symbol.h */,
				DAE9F64F187152AF000A468A /* Video.h */,
				DAE9F650187152AF000A468A /* Window.h */,
			);
			path = zbar;
			sourceTree = "<group>";
		};
		DAE9F65D187152AF000A468A /* Resources */ = {
			isa = PBXGroup;
			children = (
				DAE9F65E187152AF000A468A /* zbar-back.png */,
				DAE9F65F187152AF000A468A /* zbar-help.html */,
				DAE9F660187152AF000A468A /* zbar-helpicons.png */,
				DAE9F661187152AF000A468A /* zbar-samples.png */,
			);
			path = Resources;
			sourceTree = "<group>";
		};
		DAF2BF99182DC00900E573BF /* TestFlightSDK2 */ = {
			isa = PBXGroup;
			children = (
				DAF2BF9A182DC00900E573BF /* libTestFlight.a */,
				DAF2BF9B182DC00900E573BF /* README.md */,
				DAF2BF9C182DC00900E573BF /* release_notes.md */,
				DAF2BF9D182DC00900E573BF /* TestFlight+AsyncLogging.h */,
				DAF2BF9E182DC00900E573BF /* TestFlight+ManualSessions.h */,
				DAF2BF9F182DC00900E573BF /* TestFlight.h */,
			);
			path = TestFlightSDK2;
			sourceTree = "<group>";
		};
/* End PBXGroup section */

/* Begin PBXNativeTarget section */
		DA23E67618269253000BD089 /* MeterRecording */ = {
			isa = PBXNativeTarget;
			buildConfigurationList = DA23E6A318269253000BD089 /* Build configuration list for PBXNativeTarget "MeterRecording" */;
			buildPhases = (
				17444E51054B407BA68B8A3B /* Check Pods Manifest.lock */,
				DA23E67318269253000BD089 /* Sources */,
				DA23E67418269253000BD089 /* Frameworks */,
				DA23E67518269253000BD089 /* Resources */,
				F883F956B44141329DE76E9E /* Copy Pods Resources */,
			);
			buildRules = (
			);
			dependencies = (
			);
			name = MeterRecording;
			productName = MeterRecording;
			productReference = DA23E67718269253000BD089 /* MeterRecording.app */;
			productType = "com.apple.product-type.application";
		};
		DA23E69118269253000BD089 /* MeterRecordingTests */ = {
			isa = PBXNativeTarget;
			buildConfigurationList = DA23E6A618269253000BD089 /* Build configuration list for PBXNativeTarget "MeterRecordingTests" */;
			buildPhases = (
				DA23E68E18269253000BD089 /* Sources */,
				DA23E68F18269253000BD089 /* Frameworks */,
				DA23E69018269253000BD089 /* Resources */,
			);
			buildRules = (
			);
			dependencies = (
				DA23E69818269253000BD089 /* PBXTargetDependency */,
			);
			name = MeterRecordingTests;
			productName = MeterRecordingTests;
			productReference = DA23E69218269253000BD089 /* MeterRecordingTests.xctest */;
			productType = "com.apple.product-type.bundle.unit-test";
		};
/* End PBXNativeTarget section */

/* Begin PBXProject section */
		DA23E66F18269253000BD089 /* Project object */ = {
			isa = PBXProject;
			attributes = {
				LastUpgradeCheck = 0500;
				ORGANIZATIONNAME = "Akash Aggarwal";
				TargetAttributes = {
					DA23E67618269253000BD089 = {
						DevelopmentTeam = UV6525SNT4;
					};
					DA23E69118269253000BD089 = {
						TestTargetID = DA23E67618269253000BD089;
					};
				};
			};
			buildConfigurationList = DA23E67218269253000BD089 /* Build configuration list for PBXProject "MeterRecording" */;
			compatibilityVersion = "Xcode 3.2";
			developmentRegion = English;
			hasScannedForEncodings = 0;
			knownRegions = (
				en,
			);
			mainGroup = DA23E66E18269253000BD089;
			productRefGroup = DA23E67818269253000BD089 /* Products */;
			projectDirPath = "";
			projectRoot = "";
			targets = (
				DA23E67618269253000BD089 /* MeterRecording */,
				DA23E69118269253000BD089 /* MeterRecordingTests */,
			);
		};
/* End PBXProject section */

/* Begin PBXResourcesBuildPhase section */
		DA23E67518269253000BD089 /* Resources */ = {
			isa = PBXResourcesBuildPhase;
			buildActionMask = 2147483647;
			files = (
				DAC412AD182E0D57009194B5 /* README in Resources */,
				DAF2BFA2182DC00900E573BF /* release_notes.md in Resources */,
				DAE9F666187152AF000A468A /* zbar-samples.png in Resources */,
				DA50CD28182BDCAF00D7CD06 /* watermeter.png in Resources */,
				DA50CD9D182C6DCB00D7CD06 /* camera.png in Resources */,
				DABF6771182B4B2400D85680 /* newmeter.png in Resources */,
				DABF6772182B4B2400D85680 /* oldmeter.png in Resources */,
				DA23E6BA1826CB99000BD089 /* technician-reading-water-meter-28438611.jpg in Resources */,
				DA50CD3C182C219600D7CD06 /* scan.png in Resources */,
				DAC412AB182E0D57009194B5 /* LICENSE in Resources */,
				DA9EDF8018762E4F00A9445A /* bluebutton@2x.png in Resources */,
				DAF2BFA1182DC00900E573BF /* README.md in Resources */,
				DA50CD9F182C6DDC00D7CD06 /* done.png in Resources */,
				DA23E68518269253000BD089 /* InfoPlist.strings in Resources */,
				DA50CD97182C666E00D7CD06 /* morework.png in Resources */,
				DA50CD8F182C4A6A00D7CD06 /* NoImage.png in Resources */,
				DA50CDA3182C6DFB00D7CD06 /* watermeter.png in Resources */,
				DA9EDF7A18762CE500A9445A /* autograph_x.png in Resources */,
				DAE9F665187152AF000A468A /* zbar-helpicons.png in Resources */,
				DA50CD95182C665A00D7CD06 /* signature.png in Resources */,
				DAE9F663187152AF000A468A /* zbar-back.png in Resources */,
				DA50CD3A182BF25600D7CD06 /* Camera-iOS-7-256.png in Resources */,
				DA50CDA2182C6DFB00D7CD06 /* watericon.png in Resources */,
				DA50CD9B182C6DB800D7CD06 /* calendar.png in Resources */,
				DA50CDA5182C74E200D7CD06 /* ImageAssets.xcassets in Resources */,
				DA23E6AA18269280000BD089 /* Storyboard.storyboard in Resources */,
				DAE9F664187152AF000A468A /* zbar-help.html in Resources */,
				DA50CD93182C664900D7CD06 /* scanimabe.png in Resources */,
				DA9EDF7F18762E4F00A9445A /* bluebutton.png in Resources */,
				DA9EDF7B18762CE500A9445A /* t1_logo.png in Resources */,
			);
			runOnlyForDeploymentPostprocessing = 0;
		};
		DA23E69018269253000BD089 /* Resources */ = {
			isa = PBXResourcesBuildPhase;
			buildActionMask = 2147483647;
			files = (
				DA23E69E18269253000BD089 /* InfoPlist.strings in Resources */,
			);
			runOnlyForDeploymentPostprocessing = 0;
		};
/* End PBXResourcesBuildPhase section */

/* Begin PBXShellScriptBuildPhase section */
		17444E51054B407BA68B8A3B /* Check Pods Manifest.lock */ = {
			isa = PBXShellScriptBuildPhase;
			buildActionMask = 2147483647;
			files = (
			);
			inputPaths = (
			);
			name = "Check Pods Manifest.lock";
			outputPaths = (
			);
			runOnlyForDeploymentPostprocessing = 0;
			shellPath = /bin/sh;
			shellScript = "diff \"${PODS_ROOT}/../Podfile.lock\" \"${PODS_ROOT}/Manifest.lock\" > /dev/null\nif [[ $? != 0 ]] ; then\n    cat << EOM\nerror: The sandbox is not in sync with the Podfile.lock. Run 'pod install' or update your CocoaPods installation.\nEOM\n    exit 1\nfi\n";
			showEnvVarsInLog = 0;
		};
		F883F956B44141329DE76E9E /* Copy Pods Resources */ = {
			isa = PBXShellScriptBuildPhase;
			buildActionMask = 2147483647;
			files = (
			);
			inputPaths = (
			);
			name = "Copy Pods Resources";
			outputPaths = (
			);
			runOnlyForDeploymentPostprocessing = 0;
			shellPath = /bin/sh;
			shellScript = "\"${SRCROOT}/Pods/Pods-resources.sh\"\n";
			showEnvVarsInLog = 0;
		};
/* End PBXShellScriptBuildPhase section */

/* Begin PBXSourcesBuildPhase section */
		DA23E67318269253000BD089 /* Sources */ = {
			isa = PBXSourcesBuildPhase;
			buildActionMask = 2147483647;
			files = (
				DA50CD30182BEDA600D7CD06 /* NISignatureView.m in Sources */,
				DABF6762182B436200D85680 /* UIScheduleDetailViewController.m in Sources */,
				DAA9990018615DA400FCDBD1 /* MeterApiClient.m in Sources */,
				DABF6768182B491800D85680 /* UINewMeterViewController.m in Sources */,
				DABF676B182B492700D85680 /* UIPhoto3ViewController.m in Sources */,
				DABF6765182B490800D85680 /* UIOldMeterViewController.m in Sources */,
				DAAFA3F1186F75340007B042 /* MyClaim.m in Sources */,
				DA23E68B18269253000BD089 /* AppDelegate.m in Sources */,
				DAAD99F3187B4D9200F7482E /* Session.m in Sources */,
				DA9EDF891879D9E200A9445A /* MyNotification.m in Sources */,
				DA50CD3F182C3BBF00D7CD06 /* UIBaseTableViewController.m in Sources */,
				DA10AADD1875C7FD00117F71 /* ImageStore.m in Sources */,
				DAAD99F0187B303000F7482E /* MyConstants.m in Sources */,
				DA23E6C01826E077000BD089 /* ScheduleCell.m in Sources */,
				DAA998E818613A6600FCDBD1 /* Model.xcdatamodeld in Sources */,
				DA23E6AD182692F3000BD089 /* AppContent.m in Sources */,
				DA50CD32182BEDA600D7CD06 /* NISignatureViewQuartzQuadratic.m in Sources */,
				DA9EDF8C1879DB9A00A9445A /* BLProgressView.m in Sources */,
				DAAD99F6187B4D9300F7482E /* Schedule.m in Sources */,
				DA23E6B51826AEC5000BD089 /* UILoginViewController.m in Sources */,
				DA23E6BD1826DE52000BD089 /* UIScheduleViewController.m in Sources */,
				DABF676E182B493400D85680 /* UISIgnatureViewController.m in Sources */,
				DA50CD31182BEDA600D7CD06 /* NISignatureViewQuartz.m in Sources */,
				DA23E68718269253000BD089 /* main.m in Sources */,
			);
			runOnlyForDeploymentPostprocessing = 0;
		};
		DA23E68E18269253000BD089 /* Sources */ = {
			isa = PBXSourcesBuildPhase;
			buildActionMask = 2147483647;
			files = (
				DA23E6A018269253000BD089 /* MeterRecordingTests.m in Sources */,
			);
			runOnlyForDeploymentPostprocessing = 0;
		};
/* End PBXSourcesBuildPhase section */

/* Begin PBXTargetDependency section */
		DA23E69818269253000BD089 /* PBXTargetDependency */ = {
			isa = PBXTargetDependency;
			target = DA23E67618269253000BD089 /* MeterRecording */;
			targetProxy = DA23E69718269253000BD089 /* PBXContainerItemProxy */;
		};
/* End PBXTargetDependency section */

/* Begin PBXVariantGroup section */
		DA23E68318269253000BD089 /* InfoPlist.strings */ = {
			isa = PBXVariantGroup;
			children = (
				DA23E68418269253000BD089 /* en */,
			);
			name = InfoPlist.strings;
			sourceTree = "<group>";
		};
		DA23E69C18269253000BD089 /* InfoPlist.strings */ = {
			isa = PBXVariantGroup;
			children = (
				DA23E69D18269253000BD089 /* en */,
			);
			name = InfoPlist.strings;
			sourceTree = "<group>";
		};
/* End PBXVariantGroup section */

/* Begin XCBuildConfiguration section */
		DA23E6A118269253000BD089 /* Debug */ = {
			isa = XCBuildConfiguration;
			buildSettings = {
				ALWAYS_SEARCH_USER_PATHS = NO;
				ARCHS = "$(ARCHS_STANDARD_INCLUDING_64_BIT)";
				CLANG_CXX_LANGUAGE_STANDARD = "gnu++0x";
				CLANG_CXX_LIBRARY = "libc++";
				CLANG_ENABLE_MODULES = YES;
				CLANG_ENABLE_OBJC_ARC = YES;
				CLANG_WARN_BOOL_CONVERSION = YES;
				CLANG_WARN_CONSTANT_CONVERSION = YES;
				CLANG_WARN_DIRECT_OBJC_ISA_USAGE = YES_ERROR;
				CLANG_WARN_EMPTY_BODY = YES;
				CLANG_WARN_ENUM_CONVERSION = YES;
				CLANG_WARN_INT_CONVERSION = YES;
				CLANG_WARN_OBJC_ROOT_CLASS = YES_ERROR;
				CLANG_WARN__DUPLICATE_METHOD_MATCH = YES;
				"CODE_SIGN_IDENTITY[sdk=iphoneos*]" = "iPhone Developer";
				COPY_PHASE_STRIP = NO;
				GCC_C_LANGUAGE_STANDARD = gnu99;
				GCC_DYNAMIC_NO_PIC = NO;
				GCC_OPTIMIZATION_LEVEL = 0;
				GCC_PREPROCESSOR_DEFINITIONS = (
					"DEBUG=1",
					"$(inherited)",
				);
				GCC_SYMBOLS_PRIVATE_EXTERN = NO;
				GCC_WARN_64_TO_32_BIT_CONVERSION = YES;
				GCC_WARN_ABOUT_RETURN_TYPE = YES_ERROR;
				GCC_WARN_UNDECLARED_SELECTOR = YES;
				GCC_WARN_UNINITIALIZED_AUTOS = YES;
				GCC_WARN_UNUSED_FUNCTION = YES;
				GCC_WARN_UNUSED_VARIABLE = YES;
				IPHONEOS_DEPLOYMENT_TARGET = 6.0;
				ONLY_ACTIVE_ARCH = YES;
				SDKROOT = iphoneos;
			};
			name = Debug;
		};
		DA23E6A218269253000BD089 /* Release */ = {
			isa = XCBuildConfiguration;
			buildSettings = {
				ALWAYS_SEARCH_USER_PATHS = NO;
				ARCHS = "$(ARCHS_STANDARD_INCLUDING_64_BIT)";
				CLANG_CXX_LANGUAGE_STANDARD = "gnu++0x";
				CLANG_CXX_LIBRARY = "libc++";
				CLANG_ENABLE_MODULES = YES;
				CLANG_ENABLE_OBJC_ARC = YES;
				CLANG_WARN_BOOL_CONVERSION = YES;
				CLANG_WARN_CONSTANT_CONVERSION = YES;
				CLANG_WARN_DIRECT_OBJC_ISA_USAGE = YES_ERROR;
				CLANG_WARN_EMPTY_BODY = YES;
				CLANG_WARN_ENUM_CONVERSION = YES;
				CLANG_WARN_INT_CONVERSION = YES;
				CLANG_WARN_OBJC_ROOT_CLASS = YES_ERROR;
				CLANG_WARN__DUPLICATE_METHOD_MATCH = YES;
				"CODE_SIGN_IDENTITY[sdk=iphoneos*]" = "iPhone Developer";
				COPY_PHASE_STRIP = YES;
				ENABLE_NS_ASSERTIONS = NO;
				GCC_C_LANGUAGE_STANDARD = gnu99;
				GCC_WARN_64_TO_32_BIT_CONVERSION = YES;
				GCC_WARN_ABOUT_RETURN_TYPE = YES_ERROR;
				GCC_WARN_UNDECLARED_SELECTOR = YES;
				GCC_WARN_UNINITIALIZED_AUTOS = YES;
				GCC_WARN_UNUSED_FUNCTION = YES;
				GCC_WARN_UNUSED_VARIABLE = YES;
				IPHONEOS_DEPLOYMENT_TARGET = 6.0;
				ONLY_ACTIVE_ARCH = YES;
				SDKROOT = iphoneos;
				VALIDATE_PRODUCT = YES;
			};
			name = Release;
		};
		DA23E6A418269253000BD089 /* Debug */ = {
			isa = XCBuildConfiguration;
			baseConfigurationReference = 6194CE8753FE4E45BEC1D0AA /* Pods.xcconfig */;
			buildSettings = {
				ARCHS = "$(ARCHS_STANDARD)";
				ASSETCATALOG_COMPILER_APPICON_NAME = AppIcon;
				ASSETCATALOG_COMPILER_LAUNCHIMAGE_NAME = LaunchImage;
				CODE_SIGN_IDENTITY = "iPhone Developer";
				"CODE_SIGN_IDENTITY[sdk=iphoneos*]" = "iPhone Developer";
				FRAMEWORK_SEARCH_PATHS = (
					"$(inherited)",
					/Users/mac2013/Documents/Neptune/MeterRecording/NewRelic_iOS_Agent_1.376,
				);
				GCC_PRECOMPILE_PREFIX_HEADER = YES;
				GCC_PREFIX_HEADER = "MeterRecording/MeterRecording-Prefix.pch";
				INFOPLIST_FILE = "MeterRecording/MeterRecording-Info.plist";
				IPHONEOS_DEPLOYMENT_TARGET = 6.0;
				LIBRARY_SEARCH_PATHS = (
					"$(inherited)",
					/Users/mac2013/Documents/Neptune/MeterRecording/MeterRecording/ZBarSDK,
					/Users/mac2013/Documents/Neptune/MeterRecording/TestFlightSDK2,
					/Users/mac2013/Documents/Neptune/MeterRecording/ZBarSDK,
					/Users/mac2013/Documents/Neptune,
					/Users/mac2013/Downloads/T1Autograph,
				);
				ONLY_ACTIVE_ARCH = NO;
				PRODUCT_NAME = "$(TARGET_NAME)";
				PROVISIONING_PROFILE = "5BDD261D-63DD-4AF1-9EBF-AD2B50FC7443";
				SDKROOT = iphoneos7.0;
				TARGETED_DEVICE_FAMILY = 1;
				VALID_ARCHS = "arm64 armv7 armv7s";
				WRAPPER_EXTENSION = app;
			};
			name = Debug;
		};
		DA23E6A518269253000BD089 /* Release */ = {
			isa = XCBuildConfiguration;
			baseConfigurationReference = 6194CE8753FE4E45BEC1D0AA /* Pods.xcconfig */;
			buildSettings = {
				ARCHS = "$(ARCHS_STANDARD)";
				ASSETCATALOG_COMPILER_APPICON_NAME = AppIcon;
				ASSETCATALOG_COMPILER_LAUNCHIMAGE_NAME = LaunchImage;
				CODE_SIGN_IDENTITY = "iPhone Developer";
				"CODE_SIGN_IDENTITY[sdk=iphoneos*]" = "iPhone Developer";
				FRAMEWORK_SEARCH_PATHS = (
					"$(inherited)",
					/Users/mac2013/Documents/Neptune/MeterRecording/NewRelic_iOS_Agent_1.376,
				);
				GCC_PRECOMPILE_PREFIX_HEADER = YES;
				GCC_PREFIX_HEADER = "MeterRecording/MeterRecording-Prefix.pch";
				INFOPLIST_FILE = "MeterRecording/MeterRecording-Info.plist";
				IPHONEOS_DEPLOYMENT_TARGET = 6.0;
				LIBRARY_SEARCH_PATHS = (
					"$(inherited)",
					/Users/mac2013/Documents/Neptune/MeterRecording/MeterRecording/ZBarSDK,
					/Users/mac2013/Documents/Neptune/MeterRecording/TestFlightSDK2,
					/Users/mac2013/Documents/Neptune/MeterRecording/ZBarSDK,
					/Users/mac2013/Documents/Neptune,
					/Users/mac2013/Downloads/T1Autograph,
				);
				ONLY_ACTIVE_ARCH = NO;
				PRODUCT_NAME = "$(TARGET_NAME)";
				PROVISIONING_PROFILE = "5BDD261D-63DD-4AF1-9EBF-AD2B50FC7443";
				SDKROOT = iphoneos7.0;
				TARGETED_DEVICE_FAMILY = 1;
				VALID_ARCHS = "arm64 armv7 armv7s";
				WRAPPER_EXTENSION = app;
			};
			name = Release;
		};
		DA23E6A718269253000BD089 /* Debug */ = {
			isa = XCBuildConfiguration;
			buildSettings = {
				ARCHS = "$(ARCHS_STANDARD_INCLUDING_64_BIT)";
				BUNDLE_LOADER = "$(BUILT_PRODUCTS_DIR)/MeterRecording.app/MeterRecording";
				FRAMEWORK_SEARCH_PATHS = (
					"$(SDKROOT)/Developer/Library/Frameworks",
					"$(inherited)",
					"$(DEVELOPER_FRAMEWORKS_DIR)",
				);
				GCC_PRECOMPILE_PREFIX_HEADER = YES;
				GCC_PREFIX_HEADER = "MeterRecording/MeterRecording-Prefix.pch";
				GCC_PREPROCESSOR_DEFINITIONS = (
					"DEBUG=1",
					"$(inherited)",
				);
				INFOPLIST_FILE = "MeterRecordingTests/MeterRecordingTests-Info.plist";
				PRODUCT_NAME = "$(TARGET_NAME)";
				TEST_HOST = "$(BUNDLE_LOADER)";
				WRAPPER_EXTENSION = xctest;
			};
			name = Debug;
		};
		DA23E6A818269253000BD089 /* Release */ = {
			isa = XCBuildConfiguration;
			buildSettings = {
				ARCHS = "$(ARCHS_STANDARD_INCLUDING_64_BIT)";
				BUNDLE_LOADER = "$(BUILT_PRODUCTS_DIR)/MeterRecording.app/MeterRecording";
				FRAMEWORK_SEARCH_PATHS = (
					"$(SDKROOT)/Developer/Library/Frameworks",
					"$(inherited)",
					"$(DEVELOPER_FRAMEWORKS_DIR)",
				);
				GCC_PRECOMPILE_PREFIX_HEADER = YES;
				GCC_PREFIX_HEADER = "MeterRecording/MeterRecording-Prefix.pch";
				INFOPLIST_FILE = "MeterRecordingTests/MeterRecordingTests-Info.plist";
				PRODUCT_NAME = "$(TARGET_NAME)";
				TEST_HOST = "$(BUNDLE_LOADER)";
				WRAPPER_EXTENSION = xctest;
			};
			name = Release;
		};
		DA50CDA6182C9EF000D7CD06 /* Adhoc */ = {
			isa = XCBuildConfiguration;
			buildSettings = {
				ALWAYS_SEARCH_USER_PATHS = NO;
				ARCHS = "$(ARCHS_STANDARD_INCLUDING_64_BIT)";
				CLANG_CXX_LANGUAGE_STANDARD = "gnu++0x";
				CLANG_CXX_LIBRARY = "libc++";
				CLANG_ENABLE_MODULES = YES;
				CLANG_ENABLE_OBJC_ARC = YES;
				CLANG_WARN_BOOL_CONVERSION = YES;
				CLANG_WARN_CONSTANT_CONVERSION = YES;
				CLANG_WARN_DIRECT_OBJC_ISA_USAGE = YES_ERROR;
				CLANG_WARN_EMPTY_BODY = YES;
				CLANG_WARN_ENUM_CONVERSION = YES;
				CLANG_WARN_INT_CONVERSION = YES;
				CLANG_WARN_OBJC_ROOT_CLASS = YES_ERROR;
				CLANG_WARN__DUPLICATE_METHOD_MATCH = YES;
				CODE_SIGN_IDENTITY = "iPhone Distribution: Akash Aggarwal (UV6525SNT4)";
				"CODE_SIGN_IDENTITY[sdk=iphoneos*]" = "iPhone Distribution: Akash Aggarwal (UV6525SNT4)";
				COPY_PHASE_STRIP = YES;
				ENABLE_NS_ASSERTIONS = NO;
				GCC_C_LANGUAGE_STANDARD = gnu99;
				GCC_WARN_64_TO_32_BIT_CONVERSION = YES;
				GCC_WARN_ABOUT_RETURN_TYPE = YES_ERROR;
				GCC_WARN_UNDECLARED_SELECTOR = YES;
				GCC_WARN_UNINITIALIZED_AUTOS = YES;
				GCC_WARN_UNUSED_FUNCTION = YES;
				GCC_WARN_UNUSED_VARIABLE = YES;
				IPHONEOS_DEPLOYMENT_TARGET = 6.0;
				ONLY_ACTIVE_ARCH = YES;
				SDKROOT = iphoneos;
				VALIDATE_PRODUCT = YES;
			};
			name = Adhoc;
		};
		DA50CDA7182C9EF000D7CD06 /* Adhoc */ = {
			isa = XCBuildConfiguration;
			baseConfigurationReference = 6194CE8753FE4E45BEC1D0AA /* Pods.xcconfig */;
			buildSettings = {
				ARCHS = "$(ARCHS_STANDARD)";
				ASSETCATALOG_COMPILER_APPICON_NAME = AppIcon;
				ASSETCATALOG_COMPILER_LAUNCHIMAGE_NAME = LaunchImage;
				CODE_SIGN_IDENTITY = "iPhone Distribution";
				"CODE_SIGN_IDENTITY[sdk=iphoneos*]" = "iPhone Distribution";
				FRAMEWORK_SEARCH_PATHS = (
					"$(inherited)",
					/Users/mac2013/Documents/Neptune/MeterRecording/NewRelic_iOS_Agent_1.376,
				);
				GCC_PRECOMPILE_PREFIX_HEADER = YES;
				GCC_PREFIX_HEADER = "MeterRecording/MeterRecording-Prefix.pch";
				INFOPLIST_FILE = "MeterRecording/MeterRecording-Info.plist";
				IPHONEOS_DEPLOYMENT_TARGET = 6.0;
				LIBRARY_SEARCH_PATHS = (
					"$(inherited)",
					/Users/mac2013/Documents/Neptune/MeterRecording/MeterRecording/ZBarSDK,
					/Users/mac2013/Documents/Neptune/MeterRecording/TestFlightSDK2,
					/Users/mac2013/Documents/Neptune/MeterRecording/ZBarSDK,
					/Users/mac2013/Documents/Neptune,
					/Users/mac2013/Downloads/T1Autograph,
				);
				ONLY_ACTIVE_ARCH = NO;
				PRODUCT_NAME = "$(TARGET_NAME)";
				PROVISIONING_PROFILE = "5BDD261D-63DD-4AF1-9EBF-AD2B50FC7443";
				SDKROOT = iphoneos7.0;
				TARGETED_DEVICE_FAMILY = 1;
				VALID_ARCHS = "arm64 armv7 armv7s";
				WRAPPER_EXTENSION = app;
			};
			name = Adhoc;
		};
		DA50CDA8182C9EF000D7CD06 /* Adhoc */ = {
			isa = XCBuildConfiguration;
			buildSettings = {
				ARCHS = "$(ARCHS_STANDARD_INCLUDING_64_BIT)";
				BUNDLE_LOADER = "$(BUILT_PRODUCTS_DIR)/MeterRecording.app/MeterRecording";
				FRAMEWORK_SEARCH_PATHS = (
					"$(SDKROOT)/Developer/Library/Frameworks",
					"$(inherited)",
					"$(DEVELOPER_FRAMEWORKS_DIR)",
				);
				GCC_PRECOMPILE_PREFIX_HEADER = YES;
				GCC_PREFIX_HEADER = "MeterRecording/MeterRecording-Prefix.pch";
				INFOPLIST_FILE = "MeterRecordingTests/MeterRecordingTests-Info.plist";
				PRODUCT_NAME = "$(TARGET_NAME)";
				TEST_HOST = "$(BUNDLE_LOADER)";
				WRAPPER_EXTENSION = xctest;
			};
			name = Adhoc;
		};
/* End XCBuildConfiguration section */

/* Begin XCConfigurationList section */
		DA23E67218269253000BD089 /* Build configuration list for PBXProject "MeterRecording" */ = {
			isa = XCConfigurationList;
			buildConfigurations = (
				DA23E6A118269253000BD089 /* Debug */,
				DA23E6A218269253000BD089 /* Release */,
				DA50CDA6182C9EF000D7CD06 /* Adhoc */,
			);
			defaultConfigurationIsVisible = 0;
			defaultConfigurationName = Release;
		};
		DA23E6A318269253000BD089 /* Build configuration list for PBXNativeTarget "MeterRecording" */ = {
			isa = XCConfigurationList;
			buildConfigurations = (
				DA23E6A418269253000BD089 /* Debug */,
				DA23E6A518269253000BD089 /* Release */,
				DA50CDA7182C9EF000D7CD06 /* Adhoc */,
			);
			defaultConfigurationIsVisible = 0;
			defaultConfigurationName = Release;
		};
		DA23E6A618269253000BD089 /* Build configuration list for PBXNativeTarget "MeterRecordingTests" */ = {
			isa = XCConfigurationList;
			buildConfigurations = (
				DA23E6A718269253000BD089 /* Debug */,
				DA23E6A818269253000BD089 /* Release */,
				DA50CDA8182C9EF000D7CD06 /* Adhoc */,
			);
			defaultConfigurationIsVisible = 0;
			defaultConfigurationName = Release;
		};
/* End XCConfigurationList section */

/* Begin XCVersionGroup section */
		DAA998E618613A6600FCDBD1 /* Model.xcdatamodeld */ = {
			isa = XCVersionGroup;
			children = (
				DAA998E718613A6600FCDBD1 /* Model.xcdatamodel */,
			);
			currentVersion = DAA998E718613A6600FCDBD1 /* Model.xcdatamodel */;
			name = Model.xcdatamodeld;
			path = ../Model.xcdatamodeld;
			sourceTree = "<group>";
			versionGroupType = wrapper.xcdatamodel;
		};
/* End XCVersionGroup section */
	};
	rootObject = DA23E66F18269253000BD089 /* Project object */;
}
